# This is an Anaconda project lock file.
# The lock file locks down exact versions of all your dependencies.
#
# In most cases, this file is automatically maintained by the `anaconda-project` command or GUI tools.
# It's best to keep this file in revision control (such as git or svn).
# The file is in YAML format, please see http://www.yaml.org/start.html for more.
#

#
# Set to false to ignore locked versions.
#
locking_enabled: true

#
# A key goes in here for each env spec.
#
env_specs:
  default:
    locked: true
    env_spec_hash: 978f894d8eec02b2a98d51e5ac316d783e8c9e0e
    platforms:
    - linux-64
    - osx-64
    packages:
      unix:
      - aiobotocore=1.4.0=pyhd8ed1ab_0
      - aioitertools=0.10.0=pyhd8ed1ab_0
      - aiosignal=1.2.0=pyhd8ed1ab_0
      - alabaster=0.7.12=py_0
      - appdirs=1.4.4=pyh9f0ad1d_0
      - argon2-cffi=21.3.0=pyhd8ed1ab_0
      - async-timeout=4.0.2=pyhd8ed1ab_0
      - asynctest=0.13.0=py_0
      - attrs=21.4.0=pyhd8ed1ab_0
      - babel=2.9.1=pyh44b312d_0
      - backcall=0.2.0=pyh9f0ad1d_0
      - backports.functools_lru_cache=1.6.4=pyhd8ed1ab_0
      - backports=1.1=pyhd3eb1b0_0
      - beautifulsoup4=4.11.1=pyha770c72_0
      - blas=2.114=openblas
      - bleach=5.0.0=pyhd8ed1ab_0
      - botocore=1.20.106=pyhd8ed1ab_0
      - charset-normalizer=2.0.12=pyhd8ed1ab_0
      - cloudpickle=2.0.0=pyhd8ed1ab_0
      - colorama=0.4.4=pyh9f0ad1d_0
      - colorcet=2.0.6=py_0
      - dask-core=2021.10.0=pyhd3eb1b0_0
      - dask=2021.10.0=pyhd8ed1ab_0
      - decorator=5.1.1=pyhd8ed1ab_0
      - defusedxml=0.7.1=pyhd8ed1ab_0
      - entrypoints=0.4=pyhd8ed1ab_0
      - flit-core=3.7.1=pyhd8ed1ab_0
      - fsspec=2021.7.0=pyhd8ed1ab_0
      - heapdict=1.0.1=py_0
      - idna=3.3=pyhd8ed1ab_0
      - imagesize=1.3.0=pyhd8ed1ab_0
      - importlib_resources=5.7.1=pyhd8ed1ab_0
      - intake-parquet=0.2.3=py_0
      - intake=0.6.3=pyhd8ed1ab_0
      - ipython_genutils=0.2.0=py_1
      - jinja2=3.0.1=pyhd8ed1ab_0
      - jmespath=0.10.0=pyh9f0ad1d_0
      - jsonschema=4.4.0=pyhd8ed1ab_0
      - jupyter_client=7.1.2=pyhd8ed1ab_0
      - jupyterlab_pygments=0.2.2=pyhd8ed1ab_0
      - m2r2=0.3.1=pyhd8ed1ab_1
      - markdown=3.3.4=pyhd8ed1ab_0
      - matplotlib-inline=0.1.3=pyhd8ed1ab_0
      - nbclient=0.6.0=pyhd8ed1ab_0
      - nbconvert-core=6.5.0=pyhd8ed1ab_0
      - nbconvert-pandoc=6.5.0=pyhd8ed1ab_0
      - nbconvert=6.5.0=pyhd8ed1ab_0
      - nbformat=5.3.0=pyhd8ed1ab_0
      - nbsite=0.6.7=py_0
      - nest-asyncio=1.5.5=pyhd8ed1ab_0
      - packaging=21.3=pyhd8ed1ab_0
      - pandocfilters=1.5.0=pyhd8ed1ab_0
      - param=1.12.1=py_0
      - parquet-cpp=1.5.1=2
      - parso=0.8.3=pyhd8ed1ab_0
      - partd=1.2.0=pyhd8ed1ab_0
      - pexpect=4.8.0=pyh9f0ad1d_2
      - pickleshare=0.7.5=py_1003
      - pip=22.0.4=pyhd8ed1ab_0
      - prometheus_client=0.14.1=pyhd8ed1ab_0
      - prompt-toolkit=3.0.29=pyha770c72_0
      - ptyprocess=0.7.0=pyhd3deb0d_0
      - pycparser=2.21=pyhd8ed1ab_0
      - pyct-core=0.4.8=py_0
      - pyct=0.4.8=py_0
      - pygments=2.11.2=pyhd8ed1ab_0
      - pyopenssl=22.0.0=pyhd8ed1ab_0
      - pyparsing=3.0.8=pyhd8ed1ab_0
      - python-dateutil=2.8.2=pyhd8ed1ab_0
      - python-fastjsonschema=2.15.3=pyhd8ed1ab_0
      - pytz=2022.1=pyhd8ed1ab_0
      - pyviz_comms=2.2.0=py_0
      - requests=2.26.0=pyhd8ed1ab_1
      - s3fs=2021.8.0=pyhd8ed1ab_0
      - send2trash=1.8.0=pyhd8ed1ab_0
      - six=1.16.0=pyh6c4a22f_0
      - snowballstemmer=2.2.0=pyhd8ed1ab_0
      - sortedcontainers=2.4.0=pyhd8ed1ab_0
      - soupsieve=2.3.1=pyhd8ed1ab_0
      - sphinx=4.5.0=pyh6c4a22f_0
      - sphinxcontrib-applehelp=1.0.2=py_0
      - sphinxcontrib-devhelp=1.0.2=py_0
      - sphinxcontrib-htmlhelp=2.0.0=pyhd8ed1ab_0
      - sphinxcontrib-jsmath=1.0.1=py_0
      - sphinxcontrib-qthelp=1.0.3=py_0
      - sphinxcontrib-serializinghtml=1.1.5=pyhd8ed1ab_2
      - tblib=1.7.0=pyhd8ed1ab_0
      - tinycss2=1.1.1=pyhd8ed1ab_0
      - toolz=0.11.2=pyhd8ed1ab_0
      - traitlets=5.1.1=pyhd8ed1ab_0
      - typing-extensions=4.2.0=hd8ed1ab_0
      - typing_extensions=4.2.0=pyha770c72_0
      - urllib3=1.26.9=pyhd8ed1ab_0
      - wcwidth=0.2.5=pyh9f0ad1d_2
      - webencodings=0.5.1=py_1
      - wheel=0.37.1=pyhd8ed1ab_0
      - zict=2.1.0=pyhd8ed1ab_0
      - zipp=3.8.0=pyhd8ed1ab_0
      linux-64:
      - _libgcc_mutex=0.1=conda_forge
      - _openmp_mutex=4.5=1_llvm
      - abseil-cpp=20210324.2=h9c3ff4c_0
      - aiohttp=3.8.1=py37h540881e_1
      - argon2-cffi-bindings=21.2.0=py37h540881e_2
      - arrow-cpp=6.0.1=py37hbd77c41_5_cpu
      - aws-c-auth=0.6.8=hadad3cd_1
      - aws-c-cal=0.5.12=h70efedd_7
      - aws-c-common=0.6.17=h7f98852_0
      - aws-c-compression=0.2.14=h7c7754b_7
      - aws-c-event-stream=0.2.7=hd2be095_32
      - aws-c-http=0.6.10=h416565a_3
      - aws-c-io=0.10.14=he836878_0
      - aws-c-mqtt=0.7.10=h885097b_0
      - aws-c-s3=0.1.29=h8d70ed6_0
      - aws-c-sdkutils=0.1.1=h7c7754b_4
      - aws-checksums=0.1.12=h7c7754b_6
      - aws-crt-cpp=0.17.10=h6ab17b9_5
      - aws-sdk-cpp=1.9.160=h36ff4c5_0
      - blas-devel=3.9.0=14_linux64_openblas
      - bokeh=2.4.2=py37h89c1867_1
      - bottleneck=1.3.4=py37hda87dfa_1
      - brotlipy=0.7.0=py37h540881e_1004
      - bzip2=1.0.8=h7f98852_4
      - c-ares=1.18.1=h7f98852_0
      - ca-certificates=2022.3.29=h06a4308_0
      - certifi=2021.10.8=py37h89c1867_2
      - cffi=1.15.0=py37hd667e15_1
      - click=8.1.2=py37h89c1867_0
      - cramjam=2.5.0=py37hfd0a3e1_0
      - cryptography=36.0.2=py37h38fbfac_1
      - cytoolz=0.11.2=py37h540881e_2
      - debugpy=1.6.0=py37hd23a5d3_0
      - distributed=2021.10.0=py37h06a4308_0
      - docutils=0.17.1=py37h89c1867_1
      - fastparquet=0.7.1=py37hb1e94ed_0
      - freetype=2.11.0=h70c0345_0
      - frozenlist=1.3.0=py37h540881e_1
      - gflags=2.2.2=he1b5a44_1004
      - giflib=5.2.1=h36c2ea0_2
      - glog=0.5.0=h48cff8f_0
      - grpc-cpp=1.42.0=ha1441d3_1
      - importlib-metadata=4.11.3=py37h89c1867_1
      - ipykernel=6.11.0=py37h25bab4e_0
      - ipython=7.32.0=py37h89c1867_0
      - jbig=2.1=h7f98852_2003
      - jedi=0.18.1=py37h89c1867_1
      - jpeg=9e=h166bdaf_1
      - jupyter_core=4.9.2=py37h89c1867_0
      - keyutils=1.6.1=h166bdaf_0
      - krb5=1.19.3=h3790be6_0
      - lcms2=2.12=hddcbb42_0
      - ld_impl_linux-64=2.36.1=hea4e1c9_2
      - lerc=3.0=h9c3ff4c_0
      - libblas=3.9.0=14_linux64_openblas
      - libbrotlicommon=1.0.9=h166bdaf_7
      - libbrotlidec=1.0.9=h166bdaf_7
      - libbrotlienc=1.0.9=h166bdaf_7
      - libcblas=3.9.0=14_linux64_openblas
      - libcurl=7.82.0=h7bff187_0
      - libdeflate=1.10=h7f98852_0
      - libedit=3.1.20210910=h7f8727e_0
      - libev=4.33=h516909a_1
      - libevent=2.1.12=h8f2d780_0
      - libffi=3.3=h58526e2_2
      - libgcc-ng=11.2.0=h1d223b6_15
      - libgfortran-ng=11.2.0=h69a702a_15
      - libgfortran5=11.2.0=h5c6108e_15
      - liblapack=3.9.0=14_linux64_openblas
      - liblapacke=3.9.0=14_linux64_openblas
      - libnghttp2=1.47.0=h727a467_0
      - libopenblas=0.3.20=pthreads_h78a6416_0
      - libpng=1.6.37=h21135ba_2
      - libprotobuf=3.19.4=h780b84a_0
      - libsodium=1.0.18=h36c2ea0_1
      - libssh2=1.10.0=ha56f1ee_2
      - libstdcxx-ng=11.2.0=he4da1e4_15
      - libthrift=0.15.0=hcc01f38_0
      - libtiff=4.3.0=h542a066_3
      - libutf8proc=2.7.0=h7f98852_0
      - libwebp-base=1.2.2=h7f98852_1
      - libwebp=1.2.2=h3452ae3_0
      - libxcb=1.13=h7f98852_1004
      - libzlib=1.2.11=h166bdaf_1014
      - llvm-openmp=13.0.1=he0ac6c6_1
      - locket=0.2.1=py37h06a4308_2
      - lz4-c=1.9.3=h9c3ff4c_1
      - markupsafe=2.1.1=py37h540881e_1
      - mistune=0.8.4=py37h5e8e339_1005
      - msgpack-python=1.0.3=py37h7cecad7_1
      - multidict=6.0.2=py37h540881e_1
      - ncurses=6.3=h27087fc_1
      - notebook=6.4.0=py37h06a4308_0
      - numexpr=2.8.1=py37hecfb737_0
      - numpy=1.21.6=py37h976b520_0
      - openblas=0.3.20=pthreads_h320a7e8_0
      - openjpeg=2.4.0=hb52868f_1
      - openssl=1.1.1n=h166bdaf_0
      - orc=1.7.1=h1be678f_1
      - pandas=1.3.5=py37h8c16a72_0
      - pandoc=2.18=ha770c72_0
      - pillow=9.1.0=py37h44f0d7a_2
      - psutil=5.9.0=py37h540881e_1
      - pthread-stubs=0.4=h36c2ea0_1001
      - pyarrow=6.0.1=py37h20dbb2a_5_cpu
      - pyrsistent=0.18.1=py37h540881e_1
      - pysocks=1.7.1=py37h89c1867_5
      - python-snappy=0.6.0=py37h614b16a_2
      - python=3.7.11=h12debd9_0
      - python_abi=3.7=1_cp37m
      - pyyaml=5.4.1=py37h5e8e339_1
      - pyzmq=22.3.0=py37h0c0c2a8_2
      - re2=2021.11.01=h9c3ff4c_0
      - readline=8.1.2=h7f8727e_1
      - s2n=1.3.0=h9b69904_0
      - setuptools=62.1.0=py37h89c1867_0
      - snappy=1.1.9=h295c915_0
      - sqlite=3.38.2=h4ff8645_0
      - terminado=0.13.3=py37h89c1867_1
      - thrift=0.16.0=py37hd23a5d3_1
      - tk=8.6.12=h27826a3_0
      - tornado=5.1.1=py37h14c3975_1000
      - wrapt=1.14.0=py37h540881e_1
      - xorg-libxau=1.0.9=h7f98852_0
      - xorg-libxdmcp=1.1.3=h7f98852_0
      - xz=5.2.5=h516909a_1
      - yaml=0.2.5=h7f98852_2
      - yarl=1.7.2=py37h540881e_2
      - zeromq=4.3.4=h9c3ff4c_1
      - zlib=1.2.11=h166bdaf_1014
      - zstd=1.5.2=ha95c52a_0
      osx-64:
      - abseil-cpp=20210324.2=he49afe7_0
      - aiohttp=3.8.1=py37h69ee0a8_1
      - appnope=0.1.3=pyhd8ed1ab_0
      - argon2-cffi-bindings=21.2.0=py37h69ee0a8_2
      - arrow-cpp=6.0.1=py37hc0a5d74_5_cpu
      - aws-c-auth=0.6.8=h8f5e388_1
      - aws-c-cal=0.5.12=hda7428a_7
      - aws-c-common=0.6.17=h0d85af4_0
      - aws-c-compression=0.2.14=h8451fdb_7
      - aws-c-event-stream=0.2.7=ha663dc4_32
      - aws-c-http=0.6.10=heb655c9_3
      - aws-c-io=0.10.14=h3cf48f6_1
      - aws-c-mqtt=0.7.10=h6d234a2_0
      - aws-c-s3=0.1.29=h73af6b9_0
      - aws-c-sdkutils=0.1.1=h8451fdb_4
      - aws-checksums=0.1.12=h8451fdb_6
      - aws-crt-cpp=0.17.10=haa61d5f_5
      - aws-sdk-cpp=1.9.160=h075ee0a_0
      - blas-devel=3.9.0=14_osx64_openblas
      - bokeh=2.4.2=py37hf985489_1
      - bottleneck=1.3.4=py37h49e79e5_1
      - brotlipy=0.7.0=py37h69ee0a8_1004
      - bzip2=1.0.8=h0d85af4_4
      - c-ares=1.18.1=h0d85af4_0
      - ca-certificates=2022.3.29=hecd8cb5_0
      - certifi=2021.10.8=py37hf985489_2
      - cffi=1.15.0=py37hc55c11b_1
      - click=8.1.2=py37hf985489_0
      - cramjam=2.5.0=py37h5210ebb_0
      - cryptography=36.0.2=py37h20b3391_1
      - cytoolz=0.11.2=py37h69ee0a8_2
      - debugpy=1.6.0=py37h0582d14_0
      - distributed=2021.10.0=py37hecd8cb5_0
      - docutils=0.17.1=py37hf985489_1
      - fastparquet=0.7.1=py37h032687b_0
      - freetype=2.11.0=hd8bbffd_0
      - frozenlist=1.3.0=py37h69ee0a8_1
      - gflags=2.2.2=hb1e8313_1004
      - giflib=5.2.1=hbcb3906_2
      - glog=0.5.0=h25b26a9_0
      - grpc-cpp=1.42.0=h6da9ac5_1
      - importlib-metadata=4.11.3=py37hf985489_1
      - ipykernel=6.11.0=py37h0a7177a_0
      - ipython=7.32.0=py37hf985489_0
      - jbig=2.1=h0d85af4_2003
      - jedi=0.18.1=py37hf985489_1
      - jpeg=9e=h5eb16cf_1
      - jupyter_core=4.9.2=py37hf985489_0
      - krb5=1.19.3=hb49756b_0
      - lcms2=2.12=h577c468_0
      - lerc=3.0=he49afe7_0
      - libblas=3.9.0=14_osx64_openblas
      - libbrotlicommon=1.0.9=h5eb16cf_7
      - libbrotlidec=1.0.9=h5eb16cf_7
      - libbrotlienc=1.0.9=h5eb16cf_7
      - libcblas=3.9.0=14_osx64_openblas
      - libcurl=7.82.0=h9f20792_0
      - libcxx=13.0.1=hc203e6f_0
      - libdeflate=1.10=h0d85af4_0
      - libedit=3.1.20210910=hca72f7f_0
      - libev=4.33=haf1e3a3_1
      - libevent=2.1.12=h0a4fc7d_0
      - libffi=3.3=h046ec9c_2
      - libgfortran5=9.3.0=h6c81a4c_23
      - libgfortran=5.0.0=9_3_0_h6c81a4c_23
      - liblapack=3.9.0=14_osx64_openblas
      - liblapacke=3.9.0=14_osx64_openblas
      - libnghttp2=1.47.0=h942079c_0
      - libopenblas=0.3.20=openmp_hb3cd9ec_0
      - libpng=1.6.37=h7cec526_2
      - libprotobuf=3.19.4=hcf210ce_0
      - libsodium=1.0.18=hbcb3906_1
      - libssh2=1.10.0=h52ee1ee_2
      - libthrift=0.15.0=h054ceb0_0
      - libtiff=4.3.0=h17f2ce3_3
      - libutf8proc=2.7.0=h0d85af4_0
      - libwebp-base=1.2.2=h0d85af4_1
      - libwebp=1.2.2=h28dabe5_0
      - libxcb=1.13=h0d85af4_1004
      - libzlib=1.2.11=h6c3fc93_1014
      - llvm-openmp=13.0.1=hcb1a161_1
      - locket=0.2.1=py37hecd8cb5_2
      - lz4-c=1.9.3=he49afe7_1
      - markupsafe=2.1.1=py37h69ee0a8_1
      - mistune=0.8.4=py37h271585c_1005
      - msgpack-python=1.0.3=py37h18621fa_1
      - multidict=6.0.2=py37h69ee0a8_1
      - ncurses=6.3=h96cf925_1
      - notebook=6.4.0=py37hecd8cb5_0
      - numexpr=2.8.1=py37h9c3cb84_0
      - numpy=1.21.6=py37h345d48f_0
      - openblas=0.3.20=openmp_h5ad848b_0
      - openjpeg=2.4.0=h6e7aa92_1
      - openssl=1.1.1n=h6c3fc93_0
      - orc=1.7.1=h84518c8_1
      - pandas=1.3.5=py37h743cdd8_0
      - pandoc=2.18=h694c41f_0
      - pillow=9.1.0=py37h2540ef4_2
      - psutil=5.9.0=py37h69ee0a8_1
      - pthread-stubs=0.4=hc929b4f_1001
      - pyarrow=6.0.1=py37hd1ae41a_5_cpu
      - pyrsistent=0.18.1=py37h69ee0a8_1
      - pysocks=1.7.1=py37hf985489_5
      - python-snappy=0.6.0=py37h1f5a272_2
      - python=3.7.11=h88f2d9e_0
      - python_abi=3.7=2_cp37m
      - pyyaml=5.4.1=py37h271585c_1
      - pyzmq=22.3.0=py37h8f778e5_1
      - re2=2021.11.01=he49afe7_0
      - readline=8.1.2=hca72f7f_1
      - setuptools=62.1.0=py37hf985489_0
      - snappy=1.1.9=he9d5cce_0
      - sqlite=3.38.2=hb516253_0
      - terminado=0.13.3=py37hf985489_1
      - thrift=0.16.0=py37h0582d14_1
      - tk=8.6.12=h5dbffcc_0
      - tornado=5.1.1=py37h1de35cc_1000
      - wrapt=1.14.0=py37h69ee0a8_1
      - xorg-libxau=1.0.9=h35c211d_0
      - xorg-libxdmcp=1.1.3=h35c211d_0
      - xz=5.2.5=haf1e3a3_1
      - yaml=0.2.5=h0d85af4_2
      - yarl=1.7.2=py37h69ee0a8_2
      - zeromq=4.3.4=he49afe7_1
      - zlib=1.2.11=h6c3fc93_1014
      - zstd=1.5.2=h582d3a0_0
